version: 7
platforms:
- name: linux-64
  virtual-packages:
  - __unix=0=0
  - __linux=4.18
  - __glibc=2.28
  - __archspec=0=x86_64
- name: linux-aarch64
  virtual-packages:
  - __unix=0=0
  - __linux=4.18
  - __glibc=2.28
  - __archspec=0=aarch64
environments:
  default:
    channels:
    - url: https://conda.anaconda.org/conda-forge/
    packages:
      linux-64:
      - conda: https://conda.anaconda.org/conda-forge/linux-64/_openmp_mutex-4.5-20_gnu.conda
      - conda: https://conda.anaconda.org/conda-forge/linux-64/libgcc-15.2.0-he0feb66_20.conda
      - conda: https://conda.anaconda.org/conda-forge/linux-64/libgcc-ng-15.2.0-h69a702a_20.conda
      - conda: https://conda.anaconda.org/conda-forge/linux-64/libgomp-15.2.0-he0feb66_20.conda
      - conda: https://conda.anaconda.org/conda-forge/linux-64/libstdcxx-15.2.0-h934c35e_20.conda
      - conda: https://conda.anaconda.org/conda-forge/linux-64/libstdcxx-ng-15.2.0-hdf11a46_20.conda
      - conda: https://conda.anaconda.org/conda-forge/linux-64/openssl-3.6.3-h35e630c_0.conda
      - conda: https://conda.anaconda.org/conda-forge/linux-64/patchelf-0.17.2-h58526e2_0.conda
      - conda: https://conda.anaconda.org/conda-forge/linux-64/rattler-build-0.70.1-ha759004_0.conda
      - conda: https://conda.anaconda.org/conda-forge/noarch/ca-certificates-2026.7.22-hbd8a1cb_0.conda
      linux-aarch64:
      - conda: https://conda.anaconda.org/conda-forge/linux-aarch64/_openmp_mutex-4.5-20_gnu.conda
      - conda: https://conda.anaconda.org/conda-forge/linux-aarch64/libgcc-15.2.0-h8acb6b2_20.conda
      - conda: https://conda.anaconda.org/conda-forge/linux-aarch64/libgcc-ng-15.2.0-he9431aa_20.conda
      - conda: https://conda.anaconda.org/conda-forge/linux-aarch64/libgomp-15.2.0-h8acb6b2_20.conda
      - conda: https://conda.anaconda.org/conda-forge/linux-aarch64/libstdcxx-15.2.0-hef695bb_20.conda
      - conda: https://conda.anaconda.org/conda-forge/linux-aarch64/libstdcxx-ng-15.2.0-hdbbeba8_20.conda
      - conda: https://conda.anaconda.org/conda-forge/linux-aarch64/openssl-3.6.3-h546c87b_0.conda
      - conda: https://conda.anaconda.org/conda-forge/linux-aarch64/patchelf-0.17.2-h884eca8_0.conda
      - conda: https://conda.anaconda.org/conda-forge/linux-aarch64/rattler-build-0.70.1-h1d7f6d8_0.conda
      - conda: https://conda.anaconda.org/conda-forge/noarch/ca-certificates-2026.7.22-hbd8a1cb_0.conda
packages:
- conda: https://conda.anaconda.org/conda-forge/linux-64/_openmp_mutex-4.5-20_gnu.conda
  build_number: 20
  sha256: 1dd3fffd892081df9726d7eb7e0dea6198962ba775bd88842135a4ddb4deb3c9
  md5: a9f577daf3de00bca7c3c76c0ecbd1de
  depends:
  - __glibc >=2.17,<3.0.a0
  - libgomp >=7.5.0
  constrains:
  - openmp_impl <0.0a0
  license: BSD-3-Clause
  license_family: BSD
  run_exports:
    strong:
    - _openmp_mutex >=4.5
  size: 28948
  timestamp: 1770939786096
- conda: https://conda.anaconda.org/conda-forge/linux-64/libgcc-15.2.0-he0feb66_20.conda
  sha256: e3b7bb287d1685b15781a6d9e3408d6ddaff23f5a1d0d6c0140619dd3950fe72
  md5: 3533de187cf7283f96bfdb28ad73e2bc
  depends:
  - __glibc >=2.17,<3.0.a0
  - _openmp_mutex >=4.5
  constrains:
  - libgomp 15.2.0 he0feb66_20
  - libgcc-ng ==15.2.0=*_20
  license: GPL-3.0-only WITH GCC-exception-3.1
  run_exports: {}
  size: 1041122
  timestamp: 1784923795784
- conda: https://conda.anaconda.org/conda-forge/linux-64/libgcc-ng-15.2.0-h69a702a_20.conda
  sha256: e01a2a027fceea1011d2e74307845fb0c4bd6d195ff27fbf5baeafa55531d128
  md5: c099368d009e4d828449eaed7b2cb701
  depends:
  - libgcc 15.2.0 he0feb66_20
  license: GPL-3.0-only WITH GCC-exception-3.1
  run_exports:
    strong:
    - libgcc
  size: 28129
  timestamp: 1784923800003
- conda: https://conda.anaconda.org/conda-forge/linux-64/libgomp-15.2.0-he0feb66_20.conda
  sha256: 30b8ff1bf43871a17c9de99e56171ef54cfbe690ffa86681628db5a00af97cf7
  md5: 49321086c41bb58fc4b6cd8cbb74679d
  depends:
  - __glibc >=2.17,<3.0.a0
  license: GPL-3.0-only WITH GCC-exception-3.1
  run_exports:
    strong:
    - _openmp_mutex >=4.5
  size: 603998
  timestamp: 1784923730278
- conda: https://conda.anaconda.org/conda-forge/linux-64/libstdcxx-15.2.0-h934c35e_20.conda
  sha256: b5eadda8fb0df262f0d424c4a0c8c1c8d65d904ce622f07936c793ea1b8a39d9
  md5: fbd3d5506b11b5cfc916b29263b6b6f7
  depends:
  - __glibc >=2.17,<3.0.a0
  - libgcc 15.2.0 he0feb66_20
  constrains:
  - libstdcxx-ng ==15.2.0=*_20
  license: GPL-3.0-only WITH GCC-exception-3.1
  run_exports: {}
  size: 5857690
  timestamp: 1784923825011
- conda: https://conda.anaconda.org/conda-forge/linux-64/libstdcxx-ng-15.2.0-hdf11a46_20.conda
  sha256: 0b79903234f68410c11c33cb9829f7b3cb01a9ff2f42bf083dd2c51e886e6077
  md5: 593dc263426eb14f16dc594bfdb9772a
  depends:
  - libstdcxx 15.2.0 h934c35e_20
  license: GPL-3.0-only WITH GCC-exception-3.1
  run_exports:
    strong:
    - libstdcxx
  size: 28191
  timestamp: 1784923863263
- conda: https://conda.anaconda.org/conda-forge/linux-64/openssl-3.6.3-h35e630c_0.conda
  sha256: d48f5c22b9897c01e4dff3680f1f57ceb02711ab9c62f74339b080419dfad34b
  md5: 79dd2074b5cd5c5c6b2930514a11e22d
  depends:
  - __glibc >=2.17,<3.0.a0
  - ca-certificates
  - libgcc >=14
  license: Apache-2.0
  license_family: Apache
  run_exports:
    weak:
    - openssl >=3.6.3,<4.0a0
  size: 3159683
  timestamp: 1781069855778
- conda: https://conda.anaconda.org/conda-forge/linux-64/patchelf-0.17.2-h58526e2_0.conda
  sha256: eb355ac225be2f698e19dba4dcab7cb0748225677a9799e9cc8e4cadc3cb738f
  md5: ba76a6a448819560b5f8b08a9c74f415
  depends:
  - libgcc-ng >=7.5.0
  - libstdcxx-ng >=7.5.0
  license: GPL-3.0-or-later
  license_family: GPL
  run_exports: {}
  size: 94048
  timestamp: 1673473024463
- conda: https://conda.anaconda.org/conda-forge/linux-64/rattler-build-0.70.1-ha759004_0.conda
  sha256: ff6a3211256ec3366bce1bdb81537740eab179dfabf0966a4560426912b33ef7
  md5: 92cdf8b9257406c4845d91a44be14c04
  depends:
  - patchelf
  - libgcc >=14
  - __glibc >=2.17,<3.0.a0
  - libstdcxx >=14
  - openssl >=3.5.7,<4.0a0
  constrains:
  - __glibc >=2.17
  license: BSD-3-Clause
  license_family: BSD
  run_exports: {}
  size: 19589814
  timestamp: 1784865227601
- conda: https://conda.anaconda.org/conda-forge/linux-aarch64/_openmp_mutex-4.5-20_gnu.conda
  build_number: 20
  sha256: a2527b1d81792a0ccd2c05850960df119c2b6d8f5fdec97f2db7d25dc23b1068
  md5: 468fd3bb9e1f671d36c2cbc677e56f1d
  depends:
  - libgomp >=7.5.0
  constrains:
  - openmp_impl <0.0a0
  license: BSD-3-Clause
  license_family: BSD
  run_exports:
    strong:
    - _openmp_mutex >=4.5
  size: 28926
  timestamp: 1770939656741
- conda: https://conda.anaconda.org/conda-forge/linux-aarch64/libgcc-15.2.0-h8acb6b2_20.conda
  sha256: b8274208cff283551c1a0eaa0f8970ee58bb954f96cd270dfc30ebeb355e6ca3
  md5: 44728537e108c9dc60f4dd78efdd6f5b
  depends:
  - _openmp_mutex >=4.5
  constrains:
  - libgcc-ng ==15.2.0=*_20
  - libgomp 15.2.0 h8acb6b2_20
  license: GPL-3.0-only WITH GCC-exception-3.1
  run_exports: {}
  size: 622148
  timestamp: 1784923847629
- conda: https://conda.anaconda.org/conda-forge/linux-aarch64/libgcc-ng-15.2.0-he9431aa_20.conda
  sha256: 4778b29114359381f0582d1dbfb82933a08ecac356d7c380d7f1203e159f6a7c
  md5: cf5cfbe0da529b6df258b9fe2efc9033
  depends:
  - libgcc 15.2.0 h8acb6b2_20
  license: GPL-3.0-only WITH GCC-exception-3.1
  run_exports:
    strong:
    - libgcc
  size: 28294
  timestamp: 1784923850746
- conda: https://conda.anaconda.org/conda-forge/linux-aarch64/libgomp-15.2.0-h8acb6b2_20.conda
  sha256: 053c48747858d726f3236e7674c0e98fd0c50aed83c5389f8f3154bd24f459f2
  md5: 694ef02da1f41b8696e7624d0648261f
  license: GPL-3.0-only WITH GCC-exception-3.1
  run_exports:
    strong:
    - _openmp_mutex >=4.5
  size: 588465
  timestamp: 1784923773482
- conda: https://conda.anaconda.org/conda-forge/linux-aarch64/libstdcxx-15.2.0-hef695bb_20.conda
  sha256: 148c9c01c4fc647c98b0972397c9c51e8e83235355e22913d3acc2ee5c86a447
  md5: 557580b03327077bcd8fca6dd4b893c6
  depends:
  - libgcc 15.2.0 h8acb6b2_20
  constrains:
  - libstdcxx-ng ==15.2.0=*_20
  license: GPL-3.0-only WITH GCC-exception-3.1
  run_exports: {}
  size: 5543885
  timestamp: 1784923873334
- conda: https://conda.anaconda.org/conda-forge/linux-aarch64/libstdcxx-ng-15.2.0-hdbbeba8_20.conda
  sha256: 1a6c017c1f9f4801609ff212d2cdda269ae3da7e3883d92a105b46bc5c2ea6c7
  md5: a61bd2704c5fb5842d7ba9eed609407f
  depends:
  - libstdcxx 15.2.0 hef695bb_20
  license: GPL-3.0-only WITH GCC-exception-3.1
  run_exports:
    strong:
    - libstdcxx
  size: 28367
  timestamp: 1784923909760
- conda: https://conda.anaconda.org/conda-forge/linux-aarch64/openssl-3.6.3-h546c87b_0.conda
  sha256: da4a5df42614166b69c2f6d8602fc1425f7aaa699f77c3bafb5c7fe69b3d9fb7
  md5: fa6260b3e6eababf6ca85a7eb3336383
  depends:
  - ca-certificates
  - libgcc >=14
  license: Apache-2.0
  license_family: Apache
  run_exports:
    weak:
    - openssl >=3.6.3,<4.0a0
  size: 3704664
  timestamp: 1781069675555
- conda: https://conda.anaconda.org/conda-forge/linux-aarch64/patchelf-0.17.2-h884eca8_0.conda
  sha256: 8b98158f36a7a92013a1982ab7a60947151350ac5c513c1d1575825d0fa52518
  md5: bbd8dee69c4ac2e2d07bca100b8fcc31
  depends:
  - libgcc-ng >=7.5.0
  - libstdcxx-ng >=7.5.0
  license: GPL-3.0-or-later
  license_family: GPL
  run_exports: {}
  size: 101306
  timestamp: 1673473812166
- conda: https://conda.anaconda.org/conda-forge/linux-aarch64/rattler-build-0.70.1-h1d7f6d8_0.conda
  sha256: e145c6b535f68492e2a3812df06c81398947dc94d08339659e0d9e6fda0c04be
  md5: ad20a3e6f1ccba29c265808ba18a4160
  depends:
  - patchelf
  - libstdcxx >=14
  - libgcc >=14
  - openssl >=3.5.7,<4.0a0
  constrains:
  - __glibc >=2.17
  license: BSD-3-Clause
  license_family: BSD
  run_exports: {}
  size: 19189574
  timestamp: 1784865257268
- conda: https://conda.anaconda.org/conda-forge/noarch/ca-certificates-2026.7.22-hbd8a1cb_0.conda
  sha256: 0a0544cf95f64394fe4959286f5c71f5444ad58feb0602e53becb27448d24da6
  md5: 0f51e2391ade309db462a55611263e9c
  depends:
  - __unix
  license: ISC
  run_exports: {}
  size: 131780
  timestamp: 1784754889428
